
Microsoft Visual Studio Solution File, Format Version 12.00
# Visual Studio Version 17
VisualStudioVersion = 17.12.35527.113 d17.12
MinimumVisualStudioVersion = 10.0.40219.1
Project("{FAE04EC0-301F-11D3-BF4B-00C04F79EFBC}") = "CIS174_TestCoreApp", "CIS174_TestCoreApp\CIS174_TestCoreApp.csproj", "{CC37FAA1-90B6-41E9-9E60-35B1C0F5BAFF}"
EndProject
Global
	GlobalSection(SolutionConfigurationPlatforms) = preSolution
		Debug|Any CPU = Debug|Any CPU
		Release|Any CPU = Release|Any CPU
	EndGlobalSection
	GlobalSection(ProjectConfigurationPlatforms) = postSolution
		{CC37FAA1-90B6-41E9-9E60-35B1C0F5BAFF}.Debug|Any CPU.ActiveCfg = Debug|Any CPU
		{CC37FAA1-90B6-41E9-9E60-35B1C0F5BAFF}.Debug|Any CPU.Build.0 = Debug|Any CPU
		{CC37FAA1-90B6-41E9-9E60-35B1C0F5BAFF}.Release|Any CPU.ActiveCfg = Release|Any CPU
		{CC37FAA1-90B6-41E9-9E60-35B1C0F5BAFF}.Release|Any CPU.Build.0 = Release|Any CPU
	EndGlobalSection
	GlobalSection(SolutionProperties) = preSolution
		HideSolutionNode = FALSE
	EndGlobalSection
EndGlobal
