
Microsoft Visual Studio Solution File, Format Version 12.00
# Visual Studio Version 17
VisualStudioVersion = 17.12.35527.113 d17.12
MinimumVisualStudioVersion = 10.0.40219.1
Project("{FAE04EC0-301F-11D3-BF4B-00C04F79EFBC}") = "CIS174_OlympicGames", "CIS174_OlympicGames\CIS174_OlympicGames.csproj", "{B144676B-B0DF-4BF0-81B7-C21B42C2F427}"
EndProject
Global
	GlobalSection(SolutionConfigurationPlatforms) = preSolution
		Debug|Any CPU = Debug|Any CPU
		Release|Any CPU = Release|Any CPU
	EndGlobalSection
	GlobalSection(ProjectConfigurationPlatforms) = postSolution
		{B144676B-B0DF-4BF0-81B7-C21B42C2F427}.Debug|Any CPU.ActiveCfg = Debug|Any CPU
		{B144676B-B0DF-4BF0-81B7-C21B42C2F427}.Debug|Any CPU.Build.0 = Debug|Any CPU
		{B144676B-B0DF-4BF0-81B7-C21B42C2F427}.Release|Any CPU.ActiveCfg = Release|Any CPU
		{B144676B-B0DF-4BF0-81B7-C21B42C2F427}.Release|Any CPU.Build.0 = Release|Any CPU
	EndGlobalSection
	GlobalSection(SolutionProperties) = preSolution
		HideSolutionNode = FALSE
	EndGlobalSection
EndGlobal
